# This file is autogenerated, do not edit; changes may be undone by the next 'dep ensure'.


[[projects]]
  branch = "master"
  name = "github.com/smallfish/simpleyaml"
  packages = ["."]
  revision = "a32031077861b1fbdf988d2c0865e98ec832dd4c"

[[projects]]
  branch = "v2"
  name = "gopkg.in/yaml.v2"
  packages = ["."]
  revision = "d670f9405373e636a5a2765eea47fac0c9bc91a4"

[solve-meta]
  analyzer-name = "dep"
  analyzer-version = 1
  inputs-digest = "8845bf5153547788bea6b2759bd39224ba1ad5de2e8d63ca4dbd2331d84c5843"
  solver-name = "gps-cdcl"
  solver-version = 1
